
Microsoft Visual Studio Solution File, Format Version 12.00
# Visual Studio Version 16
VisualStudioVersion = 16.0.30011.22
MinimumVisualStudioVersion = 10.0.40219.1
Project("{F184B08F-C81C-45F6-A57F-5ABD9991F28F}") = "Notification", "Notification\Notification.vbproj", "{E9A26B66-8AE0-42F5-8337-CF72DB12BB23}"
EndProject
Global
	GlobalSection(SolutionConfigurationPlatforms) = preSolution
		Debug|Any CPU = Debug|Any CPU
		Release|Any CPU = Release|Any CPU
	EndGlobalSection
	GlobalSection(ProjectConfigurationPlatforms) = postSolution
		{E9A26B66-8AE0-42F5-8337-CF72DB12BB23}.Debug|Any CPU.ActiveCfg = Debug|Any CPU
		{E9A26B66-8AE0-42F5-8337-CF72DB12BB23}.Debug|Any CPU.Build.0 = Debug|Any CPU
		{E9A26B66-8AE0-42F5-8337-CF72DB12BB23}.Release|Any CPU.ActiveCfg = Release|Any CPU
		{E9A26B66-8AE0-42F5-8337-CF72DB12BB23}.Release|Any CPU.Build.0 = Release|Any CPU
	EndGlobalSection
	GlobalSection(SolutionProperties) = preSolution
		HideSolutionNode = FALSE
	EndGlobalSection
	GlobalSection(ExtensibilityGlobals) = postSolution
		SolutionGuid = {EB4C5F5B-C9E5-4D54-AF00-F69C1F43B9B8}
	EndGlobalSection
EndGlobal
